
Microsoft Visual Studio Solution File, Format Version 12.00
# Visual Studio 15
VisualStudioVersion = 15.0.27130.2010
MinimumVisualStudioVersion = 10.0.40219.1
Project("{FAE04EC0-301F-11D3-BF4B-00C04F79EFBC}") = "MorseCode", "MorseCode\MorseCode.csproj", "{33591ABC-DE3B-468A-895E-2D37743CA90E}"
EndProject
Project("{FAE04EC0-301F-11D3-BF4B-00C04F79EFBC}") = "MorseCodeTests", "MorseCodeTests\MorseCodeTests.csproj", "{27E9C986-EB73-4DFC-AA80-FA8F65A173C4}"
EndProject
Global
	GlobalSection(SolutionConfigurationPlatforms) = preSolution
		Debug|Any CPU = Debug|Any CPU
		Release|Any CPU = Release|Any CPU
	EndGlobalSection
	GlobalSection(ProjectConfigurationPlatforms) = postSolution
		{33591ABC-DE3B-468A-895E-2D37743CA90E}.Debug|Any CPU.ActiveCfg = Debug|Any CPU
		{33591ABC-DE3B-468A-895E-2D37743CA90E}.Debug|Any CPU.Build.0 = Debug|Any CPU
		{33591ABC-DE3B-468A-895E-2D37743CA90E}.Release|Any CPU.ActiveCfg = Release|Any CPU
		{33591ABC-DE3B-468A-895E-2D37743CA90E}.Release|Any CPU.Build.0 = Release|Any CPU
		{27E9C986-EB73-4DFC-AA80-FA8F65A173C4}.Debug|Any CPU.ActiveCfg = Debug|Any CPU
		{27E9C986-EB73-4DFC-AA80-FA8F65A173C4}.Debug|Any CPU.Build.0 = Debug|Any CPU
		{27E9C986-EB73-4DFC-AA80-FA8F65A173C4}.Release|Any CPU.ActiveCfg = Release|Any CPU
		{27E9C986-EB73-4DFC-AA80-FA8F65A173C4}.Release|Any CPU.Build.0 = Release|Any CPU
	EndGlobalSection
	GlobalSection(SolutionProperties) = preSolution
		HideSolutionNode = FALSE
	EndGlobalSection
	GlobalSection(ExtensibilityGlobals) = postSolution
		SolutionGuid = {C59D368B-051D-44FA-BFD8-90E5E7CD5344}
	EndGlobalSection
EndGlobal
